
Microsoft Visual Studio Solution File, Format Version 12.00
# Visual Studio Version 17
VisualStudioVersion = 17.10.34928.147
MinimumVisualStudioVersion = 10.0.40219.1
Project("{9A19103F-16F7-4668-BE54-9A1E7A4F7556}") = "Recorder", "Recorder\Recorder.csproj", "{D203510B-EE0D-47DE-80B7-2B0F241A3643}"
EndProject
Project("{9A19103F-16F7-4668-BE54-9A1E7A4F7556}") = "Recorder.Core", "Recorder.Core\Recorder.Core.csproj", "{3721FE99-7E91-4ED3-B789-34167F3E39B2}"
EndProject
Project("{9A19103F-16F7-4668-BE54-9A1E7A4F7556}") = "Recorder.Tests.MSTest", "Recorder.Tests.MSTest\Recorder.Tests.MSTest.csproj", "{325C7F4D-1685-4250-94B7-F05DEFDA617B}"
EndProject
Global
	GlobalSection(SolutionConfigurationPlatforms) = preSolution
		Debug|Any CPU = Debug|Any CPU
		Debug|arm64 = Debug|arm64
		Debug|x64 = Debug|x64
		Debug|x86 = Debug|x86
		Release|Any CPU = Release|Any CPU
		Release|arm64 = Release|arm64
		Release|x64 = Release|x64
		Release|x86 = Release|x86
	EndGlobalSection
	GlobalSection(ProjectConfigurationPlatforms) = postSolution
		{D203510B-EE0D-47DE-80B7-2B0F241A3643}.Debug|Any CPU.ActiveCfg = Debug|x64
		{D203510B-EE0D-47DE-80B7-2B0F241A3643}.Debug|Any CPU.Build.0 = Debug|x64
		{D203510B-EE0D-47DE-80B7-2B0F241A3643}.Debug|Any CPU.Deploy.0 = Debug|x64
		{D203510B-EE0D-47DE-80B7-2B0F241A3643}.Debug|arm64.ActiveCfg = Debug|arm64
		{D203510B-EE0D-47DE-80B7-2B0F241A3643}.Debug|arm64.Build.0 = Debug|arm64
		{D203510B-EE0D-47DE-80B7-2B0F241A3643}.Debug|arm64.Deploy.0 = Debug|arm64
		{D203510B-EE0D-47DE-80B7-2B0F241A3643}.Debug|x64.ActiveCfg = Debug|x64
		{D203510B-EE0D-47DE-80B7-2B0F241A3643}.Debug|x64.Build.0 = Debug|x64
		{D203510B-EE0D-47DE-80B7-2B0F241A3643}.Debug|x64.Deploy.0 = Debug|x64
		{D203510B-EE0D-47DE-80B7-2B0F241A3643}.Debug|x86.ActiveCfg = Debug|x86
		{D203510B-EE0D-47DE-80B7-2B0F241A3643}.Debug|x86.Build.0 = Debug|x86
		{D203510B-EE0D-47DE-80B7-2B0F241A3643}.Debug|x86.Deploy.0 = Debug|x86
		{D203510B-EE0D-47DE-80B7-2B0F241A3643}.Release|Any CPU.ActiveCfg = Release|x64
		{D203510B-EE0D-47DE-80B7-2B0F241A3643}.Release|Any CPU.Build.0 = Release|x64
		{D203510B-EE0D-47DE-80B7-2B0F241A3643}.Release|Any CPU.Deploy.0 = Release|x64
		{D203510B-EE0D-47DE-80B7-2B0F241A3643}.Release|arm64.ActiveCfg = Release|arm64
		{D203510B-EE0D-47DE-80B7-2B0F241A3643}.Release|arm64.Build.0 = Release|arm64
		{D203510B-EE0D-47DE-80B7-2B0F241A3643}.Release|arm64.Deploy.0 = Release|arm64
		{D203510B-EE0D-47DE-80B7-2B0F241A3643}.Release|x64.ActiveCfg = Release|x64
		{D203510B-EE0D-47DE-80B7-2B0F241A3643}.Release|x64.Build.0 = Release|x64
		{D203510B-EE0D-47DE-80B7-2B0F241A3643}.Release|x64.Deploy.0 = Release|x64
		{D203510B-EE0D-47DE-80B7-2B0F241A3643}.Release|x86.ActiveCfg = Release|x86
		{D203510B-EE0D-47DE-80B7-2B0F241A3643}.Release|x86.Build.0 = Release|x86
		{D203510B-EE0D-47DE-80B7-2B0F241A3643}.Release|x86.Deploy.0 = Release|x86
		{3721FE99-7E91-4ED3-B789-34167F3E39B2}.Debug|Any CPU.ActiveCfg = Debug|Any CPU
		{3721FE99-7E91-4ED3-B789-34167F3E39B2}.Debug|Any CPU.Build.0 = Debug|Any CPU
		{3721FE99-7E91-4ED3-B789-34167F3E39B2}.Debug|arm64.ActiveCfg = Debug|arm64
		{3721FE99-7E91-4ED3-B789-34167F3E39B2}.Debug|arm64.Build.0 = Debug|arm64
		{3721FE99-7E91-4ED3-B789-34167F3E39B2}.Debug|x64.ActiveCfg = Debug|x64
		{3721FE99-7E91-4ED3-B789-34167F3E39B2}.Debug|x64.Build.0 = Debug|x64
		{3721FE99-7E91-4ED3-B789-34167F3E39B2}.Debug|x86.ActiveCfg = Debug|x86
		{3721FE99-7E91-4ED3-B789-34167F3E39B2}.Debug|x86.Build.0 = Debug|x86
		{3721FE99-7E91-4ED3-B789-34167F3E39B2}.Release|Any CPU.ActiveCfg = Release|Any CPU
		{3721FE99-7E91-4ED3-B789-34167F3E39B2}.Release|Any CPU.Build.0 = Release|Any CPU
		{3721FE99-7E91-4ED3-B789-34167F3E39B2}.Release|arm64.ActiveCfg = Release|arm64
		{3721FE99-7E91-4ED3-B789-34167F3E39B2}.Release|arm64.Build.0 = Release|arm64
		{3721FE99-7E91-4ED3-B789-34167F3E39B2}.Release|x64.ActiveCfg = Release|x64
		{3721FE99-7E91-4ED3-B789-34167F3E39B2}.Release|x64.Build.0 = Release|x64
		{3721FE99-7E91-4ED3-B789-34167F3E39B2}.Release|x86.ActiveCfg = Release|x86
		{3721FE99-7E91-4ED3-B789-34167F3E39B2}.Release|x86.Build.0 = Release|x86
		{325C7F4D-1685-4250-94B7-F05DEFDA617B}.Debug|Any CPU.ActiveCfg = Debug|x64
		{325C7F4D-1685-4250-94B7-F05DEFDA617B}.Debug|Any CPU.Build.0 = Debug|x64
		{325C7F4D-1685-4250-94B7-F05DEFDA617B}.Debug|arm64.ActiveCfg = Debug|arm64
		{325C7F4D-1685-4250-94B7-F05DEFDA617B}.Debug|arm64.Build.0 = Debug|arm64
		{325C7F4D-1685-4250-94B7-F05DEFDA617B}.Debug|x64.ActiveCfg = Debug|x64
		{325C7F4D-1685-4250-94B7-F05DEFDA617B}.Debug|x64.Build.0 = Debug|x64
		{325C7F4D-1685-4250-94B7-F05DEFDA617B}.Debug|x86.ActiveCfg = Debug|x86
		{325C7F4D-1685-4250-94B7-F05DEFDA617B}.Debug|x86.Build.0 = Debug|x86
		{325C7F4D-1685-4250-94B7-F05DEFDA617B}.Release|Any CPU.ActiveCfg = Release|x64
		{325C7F4D-1685-4250-94B7-F05DEFDA617B}.Release|Any CPU.Build.0 = Release|x64
		{325C7F4D-1685-4250-94B7-F05DEFDA617B}.Release|arm64.ActiveCfg = Release|arm64
		{325C7F4D-1685-4250-94B7-F05DEFDA617B}.Release|arm64.Build.0 = Release|arm64
		{325C7F4D-1685-4250-94B7-F05DEFDA617B}.Release|x64.ActiveCfg = Release|x64
		{325C7F4D-1685-4250-94B7-F05DEFDA617B}.Release|x64.Build.0 = Release|x64
		{325C7F4D-1685-4250-94B7-F05DEFDA617B}.Release|x86.ActiveCfg = Release|x86
		{325C7F4D-1685-4250-94B7-F05DEFDA617B}.Release|x86.Build.0 = Release|x86
	EndGlobalSection
	GlobalSection(SolutionProperties) = preSolution
		HideSolutionNode = FALSE
	EndGlobalSection
	GlobalSection(ExtensibilityGlobals) = postSolution
		SolutionGuid = {5B289ED7-B772-4D88-85B9-EE00CC317FCB}
	EndGlobalSection
EndGlobal
